# THIS IS AN AUTOGENERATED FILE. DO NOT EDIT THIS FILE DIRECTLY.
# yarn lockfile v1


immutable@^3.8.1:
  version "3.8.2"
  resolved "https://registry.yarnpkg.com/immutable/-/immutable-3.8.2.tgz#c2439951455bb39913daf281376f1530e104adf3"
  integrity sha1-wkOZUUVbs5kT2vKBN28VMOEErfM=

vis-data@^6.6.1:
  version "6.6.1"
  resolved "https://registry.yarnpkg.com/vis-data/-/vis-data-6.6.1.tgz#2aa52e46c305ad46bb7abe6e7634e2eecd743b15"
  integrity sha512-xmujDB2Dzf8T04rGFJ9OP4OA6zRVrz8R9hb0CVKryBrZRCljCga9JjSfgctA8S7wdZu7otDtUIwX4ZOgfV/57w==

vis-network@^7.10.0:
  version "7.10.2"
  resolved "https://registry.yarnpkg.com/vis-network/-/vis-network-7.10.2.tgz#b318f1907cf006d9640c4c31a262e0782405a3cf"
  integrity sha512-KDx2agbDnaiE0Bye4AcCRqTn5mxzDKhdUNpKkzSn0AOLBmdhNtPGjxAFluAmvFVyiSK5R6Q5KIWdLjeIMu/PAQ==
